// !$*UTF8*$!
{
	archiveVersion = 1;
	classes = {
	};
	objectVersion = 50;
	objects = {

/* Begin PBXBuildFile section */
		BE1B18E320E6A7C500CFD2D6 /* AppDelegate.swift in Sources */ = {isa = PBXBuildFile; fileRef = BE1B18E220E6A7C500CFD2D6 /* AppDelegate.swift */; };
		BE1B18E520E6A7C500CFD2D6 /* ViewController.swift in Sources */ = {isa = PBXBuildFile; fileRef = BE1B18E420E6A7C500CFD2D6 /* ViewController.swift */; };
		BE1B18E820E6A7C500CFD2D6 /* Main.storyboard in Resources */ = {isa = PBXBuildFile; fileRef = BE1B18E620E6A7C500CFD2D6 /* Main.storyboard */; };
		BE1B18EA20E6A7C900CFD2D6 /* Assets.xcassets in Resources */ = {isa = PBXBuildFile; fileRef = BE1B18E920E6A7C900CFD2D6 /* Assets.xcassets */; };
		BE1B18ED20E6A7C900CFD2D6 /* LaunchScreen.storyboard in Resources */ = {isa = PBXBuildFile; fileRef = BE1B18EB20E6A7C900CFD2D6 /* LaunchScreen.storyboard */; };
		BE1D3E7521164C7C00D13350 /* OverViewController.swift in Sources */ = {isa = PBXBuildFile; fileRef = BE1D3E7421164C7C00D13350 /* OverViewController.swift */; };
		BE1D3E792116533800D13350 /* MemeTableCell.swift in Sources */ = {isa = PBXBuildFile; fileRef = BE1D3E782116533800D13350 /* MemeTableCell.swift */; };
		BE1D3E7B211654CD00D13350 /* MemeHelper.swift in Sources */ = {isa = PBXBuildFile; fileRef = BE1D3E7A211654CD00D13350 /* MemeHelper.swift */; };
		BE1D3E83211717BC00D13350 /* MemeCollectionCell.swift in Sources */ = {isa = PBXBuildFile; fileRef = BE1D3E82211717BC00D13350 /* MemeCollectionCell.swift */; };
		BE2F42A7211732CD00B0D34A /* DetailViewController.swift in Sources */ = {isa = PBXBuildFile; fileRef = BE2F42A6211732CD00B0D34A /* DetailViewController.swift */; };
		BE2F42A921173D8F00B0D34A /* Meme.swift in Sources */ = {isa = PBXBuildFile; fileRef = BE2F42A821173D8F00B0D34A /* Meme.swift */; };
/* End PBXBuildFile section */

/* Begin PBXFileReference section */
		BE1B18DF20E6A7C500CFD2D6 /* meme-udacity.app */ = {isa = PBXFileReference; explicitFileType = wrapper.application; includeInIndex = 0; path = "meme-udacity.app"; sourceTree = BUILT_PRODUCTS_DIR; };
		BE1B18E220E6A7C500CFD2D6 /* AppDelegate.swift */ = {isa = PBXFileReference; lastKnownFileType = sourcecode.swift; path = AppDelegate.swift; sourceTree = "<group>"; };
		BE1B18E420E6A7C500CFD2D6 /* ViewController.swift */ = {isa = PBXFileReference; lastKnownFileType = sourcecode.swift; path = ViewController.swift; sourceTree = "<group>"; };
		BE1B18E720E6A7C500CFD2D6 /* Base */ = {isa = PBXFileReference; lastKnownFileType = file.storyboard; name = Base; path = Base.lproj/Main.storyboard; sourceTree = "<group>"; };
		BE1B18E920E6A7C900CFD2D6 /* Assets.xcassets */ = {isa = PBXFileReference; lastKnownFileType = folder.assetcatalog; path = Assets.xcassets; sourceTree = "<group>"; };
		BE1B18EC20E6A7C900CFD2D6 /* Base */ = {isa = PBXFileReference; lastKnownFileType = file.storyboard; name = Base; path = Base.lproj/LaunchScreen.storyboard; sourceTree = "<group>"; };
		BE1B18EE20E6A7C900CFD2D6 /* Info.plist */ = {isa = PBXFileReference; lastKnownFileType = text.plist.xml; path = Info.plist; sourceTree = "<group>"; };
		BE1D3E7421164C7C00D13350 /* OverViewController.swift */ = {isa = PBXFileReference; lastKnownFileType = sourcecode.swift; path = OverViewController.swift; sourceTree = "<group>"; };
		BE1D3E782116533800D13350 /* MemeTableCell.swift */ = {isa = PBXFileReference; lastKnownFileType = sourcecode.swift; path = MemeTableCell.swift; sourceTree = "<group>"; };
		BE1D3E7A211654CD00D13350 /* MemeHelper.swift */ = {isa = PBXFileReference; lastKnownFileType = sourcecode.swift; path = MemeHelper.swift; sourceTree = "<group>"; };
		BE1D3E82211717BC00D13350 /* MemeCollectionCell.swift */ = {isa = PBXFileReference; lastKnownFileType = sourcecode.swift; path = MemeCollectionCell.swift; sourceTree = "<group>"; };
		BE2F42A6211732CD00B0D34A /* DetailViewController.swift */ = {isa = PBXFileReference; lastKnownFileType = sourcecode.swift; path = DetailViewController.swift; sourceTree = "<group>"; };
		BE2F42A821173D8F00B0D34A /* Meme.swift */ = {isa = PBXFileReference; lastKnownFileType = sourcecode.swift; path = Meme.swift; sourceTree = "<group>"; };
/* End PBXFileReference section */

/* Begin PBXFrameworksBuildPhase section */
		BE1B18DC20E6A7C500CFD2D6 /* Frameworks */ = {
			isa = PBXFrameworksBuildPhase;
			buildActionMask = 2147483647;
			files = (
			);
			runOnlyForDeploymentPostprocessing = 0;
		};
/* End PBXFrameworksBuildPhase section */

/* Begin PBXGroup section */
		BE1B18D620E6A7C500CFD2D6 = {
			isa = PBXGroup;
			children = (
				BE1B18E120E6A7C500CFD2D6 /* meme-udacity */,
				BE1B18E020E6A7C500CFD2D6 /* Products */,
			);
			sourceTree = "<group>";
		};
		BE1B18E020E6A7C500CFD2D6 /* Products */ = {
			isa = PBXGroup;
			children = (
				BE1B18DF20E6A7C500CFD2D6 /* meme-udacity.app */,
			);
			name = Products;
			sourceTree = "<group>";
		};
		BE1B18E120E6A7C500CFD2D6 /* meme-udacity */ = {
			isa = PBXGroup;
			children = (
				BE1B18E220E6A7C500CFD2D6 /* AppDelegate.swift */,
				BE1B18E420E6A7C500CFD2D6 /* ViewController.swift */,
				BE1B18E620E6A7C500CFD2D6 /* Main.storyboard */,
				BE1D3E782116533800D13350 /* MemeTableCell.swift */,
				BE1D3E82211717BC00D13350 /* MemeCollectionCell.swift */,
				BE1B18E920E6A7C900CFD2D6 /* Assets.xcassets */,
				BE1B18EB20E6A7C900CFD2D6 /* LaunchScreen.storyboard */,
				BE1B18EE20E6A7C900CFD2D6 /* Info.plist */,
				BE1D3E7421164C7C00D13350 /* OverViewController.swift */,
				BE1D3E7A211654CD00D13350 /* MemeHelper.swift */,
				BE2F42A6211732CD00B0D34A /* DetailViewController.swift */,
				BE2F42A821173D8F00B0D34A /* Meme.swift */,
			);
			path = "meme-udacity";
			sourceTree = "<group>";
		};
/* End PBXGroup section */

/* Begin PBXNativeTarget section */
		BE1B18DE20E6A7C500CFD2D6 /* meme-udacity */ = {
			isa = PBXNativeTarget;
			buildConfigurationList = BE1B18F120E6A7C900CFD2D6 /* Build configuration list for PBXNativeTarget "meme-udacity" */;
			buildPhases = (
				BE1B18DB20E6A7C500CFD2D6 /* Sources */,
				BE1B18DC20E6A7C500CFD2D6 /* Frameworks */,
				BE1B18DD20E6A7C500CFD2D6 /* Resources */,
			);
			buildRules = (
			);
			dependencies = (
			);
			name = "meme-udacity";
			productName = "meme-udacity";
			productReference = BE1B18DF20E6A7C500CFD2D6 /* meme-udacity.app */;
			productType = "com.apple.product-type.application";
		};
/* End PBXNativeTarget section */

/* Begin PBXProject section */
		BE1B18D720E6A7C500CFD2D6 /* Project object */ = {
			isa = PBXProject;
			attributes = {
				LastSwiftUpdateCheck = 0930;
				LastUpgradeCheck = 0930;
				ORGANIZATIONNAME = "Michael Gohl";
				TargetAttributes = {
					BE1B18DE20E6A7C500CFD2D6 = {
						CreatedOnToolsVersion = 9.3;
					};
				};
			};
			buildConfigurationList = BE1B18DA20E6A7C500CFD2D6 /* Build configuration list for PBXProject "meme-udacity" */;
			compatibilityVersion = "Xcode 9.3";
			developmentRegion = en;
			hasScannedForEncodings = 0;
			knownRegions = (
				en,
				Base,
			);
			mainGroup = BE1B18D620E6A7C500CFD2D6;
			productRefGroup = BE1B18E020E6A7C500CFD2D6 /* Products */;
			projectDirPath = "";
			projectRoot = "";
			targets = (
				BE1B18DE20E6A7C500CFD2D6 /* meme-udacity */,
			);
		};
/* End PBXProject section */

/* Begin PBXResourcesBuildPhase section */
		BE1B18DD20E6A7C500CFD2D6 /* Resources */ = {
			isa = PBXResourcesBuildPhase;
			buildActionMask = 2147483647;
			files = (
				BE1B18ED20E6A7C900CFD2D6 /* LaunchScreen.storyboard in Resources */,
				BE1B18EA20E6A7C900CFD2D6 /* Assets.xcassets in Resources */,
				BE1B18E820E6A7C500CFD2D6 /* Main.storyboard in Resources */,
			);
			runOnlyForDeploymentPostprocessing = 0;
		};
/* End PBXResourcesBuildPhase section */

/* Begin PBXSourcesBuildPhase section */
		BE1B18DB20E6A7C500CFD2D6 /* Sources */ = {
			isa = PBXSourcesBuildPhase;
			buildActionMask = 2147483647;
			files = (
				BE1D3E792116533800D13350 /* MemeTableCell.swift in Sources */,
				BE2F42A921173D8F00B0D34A /* Meme.swift in Sources */,
				BE1B18E520E6A7C500CFD2D6 /* ViewController.swift in Sources */,
				BE1D3E7521164C7C00D13350 /* OverViewController.swift in Sources */,
				BE1D3E83211717BC00D13350 /* MemeCollectionCell.swift in Sources */,
				BE1B18E320E6A7C500CFD2D6 /* AppDelegate.swift in Sources */,
				BE1D3E7B211654CD00D13350 /* MemeHelper.swift in Sources */,
				BE2F42A7211732CD00B0D34A /* DetailViewController.swift in Sources */,
			);
			runOnlyForDeploymentPostprocessing = 0;
		};
/* End PBXSourcesBuildPhase section */

/* Begin PBXVariantGroup section */
		BE1B18E620E6A7C500CFD2D6 /* Main.storyboard */ = {
			isa = PBXVariantGroup;
			children = (
				BE1B18E720E6A7C500CFD2D6 /* Base */,
			);
			name = Main.storyboard;
			sourceTree = "<group>";
		};
		BE1B18EB20E6A7C900CFD2D6 /* LaunchScreen.storyboard */ = {
			isa = PBXVariantGroup;
			children = (
				BE1B18EC20E6A7C900CFD2D6 /* Base */,
			);
			name = LaunchScreen.storyboard;
			sourceTree = "<group>";
		};
/* End PBXVariantGroup section */

/* Begin XCBuildConfiguration section */
		BE1B18EF20E6A7C900CFD2D6 /* Debug */ = {
			isa = XCBuildConfiguration;
			buildSettings = {
				ALWAYS_SEARCH_USER_PATHS = NO;
				CLANG_ANALYZER_NONNULL = YES;
				CLANG_ANALYZER_NUMBER_OBJECT_CONVERSION = YES_AGGRESSIVE;
				CLANG_CXX_LANGUAGE_STANDARD = "gnu++14";
				CLANG_CXX_LIBRARY = "libc++";
				CLANG_ENABLE_MODULES = YES;
				CLANG_ENABLE_OBJC_ARC = YES;
				CLANG_ENABLE_OBJC_WEAK = YES;
				CLANG_WARN_BLOCK_CAPTURE_AUTORELEASING = YES;
				CLANG_WARN_BOOL_CONVERSION = YES;
				CLANG_WARN_COMMA = YES;
				CLANG_WARN_CONSTANT_CONVERSION = YES;
				CLANG_WARN_DEPRECATED_OBJC_IMPLEMENTATIONS = YES;
				CLANG_WARN_DIRECT_OBJC_ISA_USAGE = YES_ERROR;
				CLANG_WARN_DOCUMENTATION_COMMENTS = YES;
				CLANG_WARN_EMPTY_BODY = YES;
				CLANG_WARN_ENUM_CONVERSION = YES;
				CLANG_WARN_INFINITE_RECURSION = YES;
				CLANG_WARN_INT_CONVERSION = YES;
				CLANG_WARN_NON_LITERAL_NULL_CONVERSION = YES;
				CLANG_WARN_OBJC_IMPLICIT_RETAIN_SELF = YES;
				CLANG_WARN_OBJC_LITERAL_CONVERSION = YES;
				CLANG_WARN_OBJC_ROOT_CLASS = YES_ERROR;
				CLANG_WARN_RANGE_LOOP_ANALYSIS = YES;
				CLANG_WARN_STRICT_PROTOTYPES = YES;
				CLANG_WARN_SUSPICIOUS_MOVE = YES;
				CLANG_WARN_UNGUARDED_AVAILABILITY = YES_AGGRESSIVE;
				CLANG_WARN_UNREACHABLE_CODE = YES;
				CLANG_WARN__DUPLICATE_METHOD_MATCH = YES;
				CODE_SIGN_IDENTITY = "iPhone Developer";
				COPY_PHASE_STRIP = NO;
				DEBUG_INFORMATION_FORMAT = dwarf;
				ENABLE_STRICT_OBJC_MSGSEND = YES;
				ENABLE_TESTABILITY = YES;
				GCC_C_LANGUAGE_STANDARD = gnu11;
				GCC_DYNAMIC_NO_PIC = NO;
				GCC_NO_COMMON_BLOCKS = YES;
				GCC_OPTIMIZATION_LEVEL = 0;
				GCC_PREPROCESSOR_DEFINITIONS = (
					"DEBUG=1",
					"$(inherited)",
				);
				GCC_WARN_64_TO_32_BIT_CONVERSION = YES;
				GCC_WARN_ABOUT_RETURN_TYPE = YES_ERROR;
				GCC_WARN_UNDECLARED_SELECTOR = YES;
				GCC_WARN_UNINITIALIZED_AUTOS = YES_AGGRESSIVE;
				GCC_WARN_UNUSED_FUNCTION = YES;
				GCC_WARN_UNUSED_VARIABLE = YES;
				IPHONEOS_DEPLOYMENT_TARGET = 11.3;
				MTL_ENABLE_DEBUG_INFO = YES;
				ONLY_ACTIVE_ARCH = YES;
				SDKROOT = iphoneos;
				SWIFT_ACTIVE_COMPILATION_CONDITIONS = DEBUG;
				SWIFT_OPTIMIZATION_LEVEL = "-Onone";
			};
			name = Debug;
		};
		BE1B18F020E6A7C900CFD2D6 /* Release */ = {
			isa = XCBuildConfiguration;
			buildSettings = {
				ALWAYS_SEARCH_USER_PATHS = NO;
				CLANG_ANALYZER_NONNULL = YES;
				CLANG_ANALYZER_NUMBER_OBJECT_CONVERSION = YES_AGGRESSIVE;
				CLANG_CXX_LANGUAGE_STANDARD = "gnu++14";
				CLANG_CXX_LIBRARY = "libc++";
				CLANG_ENABLE_MODULES = YES;
				CLANG_ENABLE_OBJC_ARC = YES;
				CLANG_ENABLE_OBJC_WEAK = YES;
				CLANG_WARN_BLOCK_CAPTURE_AUTORELEASING = YES;
				CLANG_WARN_BOOL_CONVERSION = YES;
				CLANG_WARN_COMMA = YES;
				CLANG_WARN_CONSTANT_CONVERSION = YES;
				CLANG_WARN_DEPRECATED_OBJC_IMPLEMENTATIONS = YES;
				CLANG_WARN_DIRECT_OBJC_ISA_USAGE = YES_ERROR;
				CLANG_WARN_DOCUMENTATION_COMMENTS = YES;
				CLANG_WARN_EMPTY_BODY = YES;
				CLANG_WARN_ENUM_CONVERSION = YES;
				CLANG_WARN_INFINITE_RECURSION = YES;
				CLANG_WARN_INT_CONVERSION = YES;
				CLANG_WARN_NON_LITERAL_NULL_CONVERSION = YES;
				CLANG_WARN_OBJC_IMPLICIT_RETAIN_SELF = YES;
				CLANG_WARN_OBJC_LITERAL_CONVERSION = YES;
				CLANG_WARN_OBJC_ROOT_CLASS = YES_ERROR;
				CLANG_WARN_RANGE_LOOP_ANALYSIS = YES;
				CLANG_WARN_STRICT_PROTOTYPES = YES;
				CLANG_WARN_SUSPICIOUS_MOVE = YES;
				CLANG_WARN_UNGUARDED_AVAILABILITY = YES_AGGRESSIVE;
				CLANG_WARN_UNREACHABLE_CODE = YES;
				CLANG_WARN__DUPLICATE_METHOD_MATCH = YES;
				CODE_SIGN_IDENTITY = "iPhone Developer";
				COPY_PHASE_STRIP = NO;
				DEBUG_INFORMATION_FORMAT = "dwarf-with-dsym";
				ENABLE_NS_ASSERTIONS = NO;
				ENABLE_STRICT_OBJC_MSGSEND = YES;
				GCC_C_LANGUAGE_STANDARD = gnu11;
				GCC_NO_COMMON_BLOCKS = YES;
				GCC_WARN_64_TO_32_BIT_CONVERSION = YES;
				GCC_WARN_ABOUT_RETURN_TYPE = YES_ERROR;
				GCC_WARN_UNDECLARED_SELECTOR = YES;
				GCC_WARN_UNINITIALIZED_AUTOS = YES_AGGRESSIVE;
				GCC_WARN_UNUSED_FUNCTION = YES;
				GCC_WARN_UNUSED_VARIABLE = YES;
				IPHONEOS_DEPLOYMENT_TARGET = 11.3;
				MTL_ENABLE_DEBUG_INFO = NO;
				SDKROOT = iphoneos;
				SWIFT_COMPILATION_MODE = wholemodule;
				SWIFT_OPTIMIZATION_LEVEL = "-O";
				VALIDATE_PRODUCT = YES;
			};
			name = Release;
		};
		BE1B18F220E6A7C900CFD2D6 /* Debug */ = {
			isa = XCBuildConfiguration;
			buildSettings = {
				ASSETCATALOG_COMPILER_APPICON_NAME = AppIcon;
				ASSETCATALOG_COMPILER_LAUNCHIMAGE_NAME = LaunchImage;
				CODE_SIGN_STYLE = Automatic;
				DEVELOPMENT_TEAM = Q55VNUR5HV;
				INFOPLIST_FILE = "meme-udacity/Info.plist";
				LD_RUNPATH_SEARCH_PATHS = (
					"$(inherited)",
					"@executable_path/Frameworks",
				);
				PRODUCT_BUNDLE_IDENTIFIER = "gohl.meme-udacity";
				PRODUCT_NAME = "$(TARGET_NAME)";
				SWIFT_VERSION = 4.0;
				TARGETED_DEVICE_FAMILY = "1,2";
			};
			name = Debug;
		};
		BE1B18F320E6A7C900CFD2D6 /* Release */ = {
			isa = XCBuildConfiguration;
			buildSettings = {
				ASSETCATALOG_COMPILER_APPICON_NAME = AppIcon;
				ASSETCATALOG_COMPILER_LAUNCHIMAGE_NAME = LaunchImage;
				CODE_SIGN_STYLE = Automatic;
				DEVELOPMENT_TEAM = Q55VNUR5HV;
				INFOPLIST_FILE = "meme-udacity/Info.plist";
				LD_RUNPATH_SEARCH_PATHS = (
					"$(inherited)",
					"@executable_path/Frameworks",
				);
				PRODUCT_BUNDLE_IDENTIFIER = "gohl.meme-udacity";
				PRODUCT_NAME = "$(TARGET_NAME)";
				SWIFT_VERSION = 4.0;
				TARGETED_DEVICE_FAMILY = "1,2";
			};
			name = Release;
		};
/* End XCBuildConfiguration section */

/* Begin XCConfigurationList section */
		BE1B18DA20E6A7C500CFD2D6 /* Build configuration list for PBXProject "meme-udacity" */ = {
			isa = XCConfigurationList;
			buildConfigurations = (
				BE1B18EF20E6A7C900CFD2D6 /* Debug */,
				BE1B18F020E6A7C900CFD2D6 /* Release */,
			);
			defaultConfigurationIsVisible = 0;
			defaultConfigurationName = Release;
		};
		BE1B18F120E6A7C900CFD2D6 /* Build configuration list for PBXNativeTarget "meme-udacity" */ = {
			isa = XCConfigurationList;
			buildConfigurations = (
				BE1B18F220E6A7C900CFD2D6 /* Debug */,
				BE1B18F320E6A7C900CFD2D6 /* Release */,
			);
			defaultConfigurationIsVisible = 0;
			defaultConfigurationName = Release;
		};
/* End XCConfigurationList section */
	};
	rootObject = BE1B18D720E6A7C500CFD2D6 /* Project object */;
}
